github.com/golang/protobuf v1.2.0/go.mod h1:6lQm79b+lXiMfvg/cZm0SGofjICqVBUtrP5yJMmIC1U=
github.com/google/go-github v17.0.0+incompatible h1:N0LgJ1j65A7kfXrZnUDaYCs/Sf4rEjNlfyDHW9dolSY=
github.com/google/go-github v17.0.0+incompatible/go.mod h1:zLgOLi98H3fifZn+44m+umXrS52loVEgC2AApnigrVQ=
github.com/google/go-github/v22 v22.0.0 h1:uCTPTlRFue1KmZD/8IhH1jqb73eg/fWnFy7Nbktcbnk=
github.com/google/go-github/v22 v22.0.0/go.mod h1:q9+Q/p2j+QS081HiwDq1a3BLTN89qGAy9SKFOwalD70=
github.com/google/go-querystring v1.0.0 h1:Xkwi/a1rcvNg1PPYe5vI8GbeBY/jrVuDX5ASuANWTrk=
github.com/google/go-querystring v1.0.0/go.mod h1:odCYkC5MyYFN7vkCjXpyrEuKhc/BUO6wN/zVPAxq5ck=
github.com/hatajoe/hooks v0.0.0-20190205064414-e200d9c07a3b h1:bUqBqNQQIHJK7HWq7F5/Z4uShOr1dE3uQAD6cZk8YTk=
github.com/hatajoe/hooks v0.0.0-20190205064414-e200d9c07a3b/go.mod h1:4DAJ0jNgijYatVDpv9WzlP3CPzbVLmCFTCmBtM69RU8=
github.com/hatajoe/hooks v0.0.0-20190205073446-559407a289df h1:SIYktyPgLsXVm9y4b2RsstMo40cCVhVa0XBSvWIiNDc=
github.com/hatajoe/hooks v0.0.0-20190205073446-559407a289df/go.mod h1:4DAJ0jNgijYatVDpv9WzlP3CPzbVLmCFTCmBtM69RU8=
github.com/hatajoe/hooks v0.0.0-20190205224130-c74ee5861fa4 h1:PlDD/QwC8N+j7Ul/G5j/mFhM9WHBx+lZbucuHJfUCE0=
github.com/hatajoe/hooks v0.0.0-20190205224130-c74ee5861fa4/go.mod h1:4DAJ0jNgijYatVDpv9WzlP3CPzbVLmCFTCmBtM69RU8=
github.com/hatajoe/hooks v0.0.0-20190205224416-f0c226aafc1a h1:vEnfWdIehEiG3aZGaKuG0J3qc/W0lDjcKzIHVavqGHQ=
github.com/hatajoe/hooks v0.0.0-20190205224416-f0c226aafc1a/go.mod h1:4DAJ0jNgijYatVDpv9WzlP3CPzbVLmCFTCmBtM69RU8=
github.com/hatajoe/hooks v0.0.0-20190205225037-95669895b7e5 h1:BSQp1gFF0+stZVDo/jD5dKOZOln+15ExtnAGzi4LzKU=
github.com/hatajoe/hooks v0.0.0-20190205225037-95669895b7e5/go.mod h1:4DAJ0jNgijYatVDpv9WzlP3CPzbVLmCFTCmBtM69RU8=
github.com/hatajoe/hooks v0.0.0-20190205225316-ba443ad58fe8 h1:mMGQQMoSrJIgwaf2tpCrfZr/TpkxE3gR+CSP0bXUH7E=
github.com/hatajoe/hooks v0.0.0-20190205225316-ba443ad58fe8/go.mod h1:4DAJ0jNgijYatVDpv9WzlP3CPzbVLmCFTCmBtM69RU8=
github.com/joho/godotenv v1.3.0 h1:Zjp+RcGpHhGlrMbJzXTrZZPrWj+1vfm90La1wgB6Bhc=
github.com/joho/godotenv v1.3.0/go.mod h1:7hK45KPybAkOC6peb+G5yklZfMxEjkZhHbwpqxOKXbg=
github.com/mattn/go-sqlite3 v1.10.0 h1:jbhqpg7tQe4SupckyijYiy0mJJ/pRyHvXf7JdWK860o=
github.com/mattn/go-sqlite3 v1.10.0/go.mod h1:FPy6KqzDD04eiIsT53CuJW3U88zkxoIYsOqkbpncsNc=
golang.org/x/crypto v0.0.0-20180820150726-614d502a4dac/go.mod h1:6SG95UA2DQfeDnfUPMdvaQW0Q7yPrPDi9nlGo2tz2b4=
golang.org/x/net v0.0.0-20180826012351-8a410e7b638d/go.mod h1:mL1N/T3taQHkDXs73rZJwtUhF3w3ftmwwsq0BUmARs4=
golang.org/x/oauth2 v0.0.0-20180821212333-d2e6202438be/go.mod h1:N/0e6XlmueqKjAGxoOufVs8QHGRruUQn6yWY3a++T0U=
golang.org/x/sys v0.0.0-20180824143301-4910a1d54f87/go.mod h1:STP8DvDyc/dI5b8T5hshtkjS+E42TnysNCUPdjciGhY=
google.golang.org/appengine v1.1.0/go.mod h1:EbEs0AVv82hx2wNQdGPgUI5lhzA/G0D9YwlJXL52JkM=
